// !$*UTF8*$!
{
	archiveVersion = 1;
	classes = {
	};
	objectVersion = 46;
	objects = {

/* Begin PBXBuildFile section */
		03E472B9127E0D610093B3A0 /* local_image_2.jpg in Resources */ = {isa = PBXBuildFile; fileRef = 03E472B8127E0D610093B3A0 /* local_image_2.jpg */; };
		2804203C108E9BAB000629CD /* DetailView.xib in Resources */ = {isa = PBXBuildFile; fileRef = 2804203B108E9BAB000629CD /* DetailView.xib */; };
		28AD73600D9D9599002E5188 /* MainWindow.xib in Resources */ = {isa = PBXBuildFile; fileRef = 28AD735F0D9D9599002E5188 /* MainWindow.xib */; };
		D0B84EE611DFFF6200F4CEF6 /* photosButton.png in Resources */ = {isa = PBXBuildFile; fileRef = D0B84EE511DFFF6200F4CEF6 /* photosButton.png */; };
		D0B84EE911DFFF6700F4CEF6 /* local_image_1.jpg in Resources */ = {isa = PBXBuildFile; fileRef = D0B84EE711DFFF6700F4CEF6 /* local_image_1.jpg */; };
		D0B84F0D11E0004800F4CEF6 /* MainWindowiPhone.xib in Resources */ = {isa = PBXBuildFile; fileRef = D0B84F0C11E0004800F4CEF6 /* MainWindowiPhone.xib */; };
		D0FC1D1A12761B16006C2A0F /* Foundation.framework in Frameworks */ = {isa = PBXBuildFile; fileRef = D0FC1D1912761B16006C2A0F /* Foundation.framework */; };
		D0FC1D1E12761B1C006C2A0F /* UIKit.framework in Frameworks */ = {isa = PBXBuildFile; fileRef = D0FC1D1D12761B1C006C2A0F /* UIKit.framework */; };
		D0FC1D2012761B22006C2A0F /* CoreGraphics.framework in Frameworks */ = {isa = PBXBuildFile; fileRef = D0FC1D1F12761B22006C2A0F /* CoreGraphics.framework */; };
		D0FC1D2212761B27006C2A0F /* QuartzCore.framework in Frameworks */ = {isa = PBXBuildFile; fileRef = D0FC1D2112761B27006C2A0F /* QuartzCore.framework */; };
		D0FC1D2412761B2D006C2A0F /* MessageUI.framework in Frameworks */ = {isa = PBXBuildFile; fileRef = D0FC1D2312761B2D006C2A0F /* MessageUI.framework */; };
		E21BBF61154516B900D934ED /* EGODefaultActionViewController.m in Sources */ = {isa = PBXBuildFile; fileRef = E21BBF23154516B900D934ED /* EGODefaultActionViewController.m */; };
		E21BBF62154516B900D934ED /* EGOGridPhotoThumbnailViewController.m in Sources */ = {isa = PBXBuildFile; fileRef = E21BBF26154516B900D934ED /* EGOGridPhotoThumbnailViewController.m */; };
		E21BBF64154516B900D934ED /* EGOPhotoViewController.m in Sources */ = {isa = PBXBuildFile; fileRef = E21BBF2F154516B900D934ED /* EGOPhotoViewController.m */; };
		E21BBF65154516B900D934ED /* UINavigationItem+ColoredTitle.m in Sources */ = {isa = PBXBuildFile; fileRef = E21BBF33154516B900D934ED /* UINavigationItem+ColoredTitle.m */; };
		E21BBF66154516B900D934ED /* EGODefaultPhoto.m in Sources */ = {isa = PBXBuildFile; fileRef = E21BBF37154516B900D934ED /* EGODefaultPhoto.m */; };
		E21BBF67154516B900D934ED /* EGODefaultPhotoSource.m in Sources */ = {isa = PBXBuildFile; fileRef = E21BBF39154516B900D934ED /* EGODefaultPhotoSource.m */; };
		E21BBF68154516B900D934ED /* EGOImageLoadConnection.m in Sources */ = {isa = PBXBuildFile; fileRef = E21BBF3C154516B900D934ED /* EGOImageLoadConnection.m */; };
		E21BBF69154516B900D934ED /* EGOImageLoader.m in Sources */ = {isa = PBXBuildFile; fileRef = E21BBF3E154516B900D934ED /* EGOImageLoader.m */; };
		E21BBF6B154516B900D934ED /* Localizable.strings in Resources */ = {isa = PBXBuildFile; fileRef = E21BBF44154516B900D934ED /* Localizable.strings */; };
		E21BBF6C154516B900D934ED /* egopv_error_placeholder.png in Resources */ = {isa = PBXBuildFile; fileRef = E21BBF46154516B900D934ED /* egopv_error_placeholder.png */; };
		E21BBF6D154516B900D934ED /* egopv_error_placeholder@2x.png in Resources */ = {isa = PBXBuildFile; fileRef = E21BBF47154516B900D934ED /* egopv_error_placeholder@2x.png */; };
		E21BBF6E154516B900D934ED /* egopv_fullscreen_button.png in Resources */ = {isa = PBXBuildFile; fileRef = E21BBF48154516B900D934ED /* egopv_fullscreen_button.png */; };
		E21BBF6F154516B900D934ED /* egopv_fullscreen_button@2x.png in Resources */ = {isa = PBXBuildFile; fileRef = E21BBF49154516B900D934ED /* egopv_fullscreen_button@2x.png */; };
		E21BBF70154516B900D934ED /* egopv_left.png in Resources */ = {isa = PBXBuildFile; fileRef = E21BBF4A154516B900D934ED /* egopv_left.png */; };
		E21BBF71154516B900D934ED /* egopv_left@2x.png in Resources */ = {isa = PBXBuildFile; fileRef = E21BBF4B154516B900D934ED /* egopv_left@2x.png */; };
		E21BBF72154516B900D934ED /* egopv_minimize_fullscreen_button.png in Resources */ = {isa = PBXBuildFile; fileRef = E21BBF4C154516B900D934ED /* egopv_minimize_fullscreen_button.png */; };
		E21BBF73154516B900D934ED /* egopv_photo_placeholder.png in Resources */ = {isa = PBXBuildFile; fileRef = E21BBF4D154516B900D934ED /* egopv_photo_placeholder.png */; };
		E21BBF74154516B900D934ED /* egopv_photo_placeholder@2x.png in Resources */ = {isa = PBXBuildFile; fileRef = E21BBF4E154516B900D934ED /* egopv_photo_placeholder@2x.png */; };
		E21BBF75154516B900D934ED /* egopv_right.png in Resources */ = {isa = PBXBuildFile; fileRef = E21BBF4F154516B900D934ED /* egopv_right.png */; };
		E21BBF76154516B900D934ED /* egopv_right@2x.png in Resources */ = {isa = PBXBuildFile; fileRef = E21BBF50154516B900D934ED /* egopv_right@2x.png */; };
		E21BBF77154516B900D934ED /* egopv_thumbnail.png in Resources */ = {isa = PBXBuildFile; fileRef = E21BBF51154516B900D934ED /* egopv_thumbnail.png */; };
		E21BBF78154516B900D934ED /* egopv_thumbnail@2x.png in Resources */ = {isa = PBXBuildFile; fileRef = E21BBF52154516B900D934ED /* egopv_thumbnail@2x.png */; };
		E21BBF79154516B900D934ED /* EGODetailedCaptionView.m in Sources */ = {isa = PBXBuildFile; fileRef = E21BBF58154516B900D934ED /* EGODetailedCaptionView.m */; };
		E21BBF7A154516B900D934ED /* EGOSimplePhotoCaptionView.m in Sources */ = {isa = PBXBuildFile; fileRef = E21BBF5A154516B900D934ED /* EGOSimplePhotoCaptionView.m */; };
		E21BBF7B154516B900D934ED /* EGOPhotoImageView.m in Sources */ = {isa = PBXBuildFile; fileRef = E21BBF5D154516B900D934ED /* EGOPhotoImageView.m */; };
		E21BBF7C154516B900D934ED /* EGOPhotoScrollView.m in Sources */ = {isa = PBXBuildFile; fileRef = E21BBF60154516B900D934ED /* EGOPhotoScrollView.m */; };
		E2F3E6521545177F00410BE3 /* EGOPhotoViewer_DemoAppDelegate.m in Sources */ = {isa = PBXBuildFile; fileRef = E2F3E6511545177F00410BE3 /* EGOPhotoViewer_DemoAppDelegate.m */; };
		E2F3E65D1545179200410BE3 /* DetailViewController.m in Sources */ = {isa = PBXBuildFile; fileRef = E2F3E6561545179200410BE3 /* DetailViewController.m */; };
		E2F3E65E1545179200410BE3 /* RootViewController.m in Sources */ = {isa = PBXBuildFile; fileRef = E2F3E6581545179200410BE3 /* RootViewController.m */; };
		E2F3E65F1545179200410BE3 /* RootViewController_iPhone.m in Sources */ = {isa = PBXBuildFile; fileRef = E2F3E65B1545179200410BE3 /* RootViewController_iPhone.m */; };
		E2F3E6601545179200410BE3 /* RootViewController_iPhone.xib in Resources */ = {isa = PBXBuildFile; fileRef = E2F3E65C1545179200410BE3 /* RootViewController_iPhone.xib */; };
		E2F3E6631545179C00410BE3 /* main.m in Sources */ = {isa = PBXBuildFile; fileRef = E2F3E6621545179C00410BE3 /* main.m */; };
/* End PBXBuildFile section */

/* Begin PBXFileReference section */
		03E472B8127E0D610093B3A0 /* local_image_2.jpg */ = {isa = PBXFileReference; lastKnownFileType = image.jpeg; path = local_image_2.jpg; sourceTree = "<group>"; };
		1D6058910D05DD3D006BFB54 /* EGOPhotoViewer_Demo.app */ = {isa = PBXFileReference; explicitFileType = wrapper.application; includeInIndex = 0; path = EGOPhotoViewer_Demo.app; sourceTree = BUILT_PRODUCTS_DIR; };
		2804203B108E9BAB000629CD /* DetailView.xib */ = {isa = PBXFileReference; lastKnownFileType = file.xib; path = DetailView.xib; sourceTree = "<group>"; };
		28AD735F0D9D9599002E5188 /* MainWindow.xib */ = {isa = PBXFileReference; lastKnownFileType = file.xib; path = MainWindow.xib; sourceTree = "<group>"; };
		8D1107310486CEB800E47090 /* EGOPhotoViewer_Demo-Info.plist */ = {isa = PBXFileReference; fileEncoding = 4; lastKnownFileType = text.plist.xml; path = "EGOPhotoViewer_Demo-Info.plist"; plistStructureDefinitionIdentifier = "com.apple.xcode.plist.structure-definition.iphone.info-plist"; sourceTree = "<group>"; };
		D0B84EE511DFFF6200F4CEF6 /* photosButton.png */ = {isa = PBXFileReference; lastKnownFileType = image.png; path = photosButton.png; sourceTree = "<group>"; };
		D0B84EE711DFFF6700F4CEF6 /* local_image_1.jpg */ = {isa = PBXFileReference; lastKnownFileType = image.jpeg; path = local_image_1.jpg; sourceTree = "<group>"; };
		D0B84F0C11E0004800F4CEF6 /* MainWindowiPhone.xib */ = {isa = PBXFileReference; lastKnownFileType = file.xib; path = MainWindowiPhone.xib; sourceTree = "<group>"; };
		D0FC1D1912761B16006C2A0F /* Foundation.framework */ = {isa = PBXFileReference; lastKnownFileType = wrapper.framework; name = Foundation.framework; path = System/Library/Frameworks/Foundation.framework; sourceTree = SDKROOT; };
		D0FC1D1D12761B1C006C2A0F /* UIKit.framework */ = {isa = PBXFileReference; lastKnownFileType = wrapper.framework; name = UIKit.framework; path = System/Library/Frameworks/UIKit.framework; sourceTree = SDKROOT; };
		D0FC1D1F12761B22006C2A0F /* CoreGraphics.framework */ = {isa = PBXFileReference; lastKnownFileType = wrapper.framework; name = CoreGraphics.framework; path = System/Library/Frameworks/CoreGraphics.framework; sourceTree = SDKROOT; };
		D0FC1D2112761B27006C2A0F /* QuartzCore.framework */ = {isa = PBXFileReference; lastKnownFileType = wrapper.framework; name = QuartzCore.framework; path = System/Library/Frameworks/QuartzCore.framework; sourceTree = SDKROOT; };
		D0FC1D2312761B2D006C2A0F /* MessageUI.framework */ = {isa = PBXFileReference; lastKnownFileType = wrapper.framework; name = MessageUI.framework; path = System/Library/Frameworks/MessageUI.framework; sourceTree = SDKROOT; };
		E21BBF21154516B900D934ED /* EGOActionViewController.h */ = {isa = PBXFileReference; fileEncoding = 4; lastKnownFileType = sourcecode.c.h; path = EGOActionViewController.h; sourceTree = "<group>"; };
		E21BBF22154516B900D934ED /* EGODefaultActionViewController.h */ = {isa = PBXFileReference; fileEncoding = 4; lastKnownFileType = sourcecode.c.h; path = EGODefaultActionViewController.h; sourceTree = "<group>"; };
		E21BBF23154516B900D934ED /* EGODefaultActionViewController.m */ = {isa = PBXFileReference; fileEncoding = 4; lastKnownFileType = sourcecode.c.objc; path = EGODefaultActionViewController.m; sourceTree = "<group>"; };
		E21BBF25154516B900D934ED /* EGOGridPhotoThumbnailViewController.h */ = {isa = PBXFileReference; fileEncoding = 4; lastKnownFileType = sourcecode.c.h; path = EGOGridPhotoThumbnailViewController.h; sourceTree = "<group>"; };
		E21BBF26154516B900D934ED /* EGOGridPhotoThumbnailViewController.m */ = {isa = PBXFileReference; fileEncoding = 4; lastKnownFileType = sourcecode.c.objc; path = EGOGridPhotoThumbnailViewController.m; sourceTree = "<group>"; };
		E21BBF27154516B900D934ED /* EGOPhotoThumbnailSelectedDelegate.h */ = {isa = PBXFileReference; fileEncoding = 4; lastKnownFileType = sourcecode.c.h; path = EGOPhotoThumbnailSelectedDelegate.h; sourceTree = "<group>"; };
		E21BBF28154516B900D934ED /* EGOPhotoThumbnailViewController.h */ = {isa = PBXFileReference; fileEncoding = 4; lastKnownFileType = sourcecode.c.h; path = EGOPhotoThumbnailViewController.h; sourceTree = "<group>"; };
		E21BBF2E154516B900D934ED /* EGOPhotoViewController.h */ = {isa = PBXFileReference; fileEncoding = 4; lastKnownFileType = sourcecode.c.h; path = EGOPhotoViewController.h; sourceTree = "<group>"; };
		E21BBF2F154516B900D934ED /* EGOPhotoViewController.m */ = {isa = PBXFileReference; fileEncoding = 4; lastKnownFileType = sourcecode.c.objc; path = EGOPhotoViewController.m; sourceTree = "<group>"; };
		E21BBF30154516B900D934ED /* EGOPhotoGlobal.h */ = {isa = PBXFileReference; fileEncoding = 4; lastKnownFileType = sourcecode.c.h; path = EGOPhotoGlobal.h; sourceTree = "<group>"; };
		E21BBF32154516B900D934ED /* UINavigationItem+ColoredTitle.h */ = {isa = PBXFileReference; fileEncoding = 4; lastKnownFileType = sourcecode.c.h; path = "UINavigationItem+ColoredTitle.h"; sourceTree = "<group>"; };
		E21BBF33154516B900D934ED /* UINavigationItem+ColoredTitle.m */ = {isa = PBXFileReference; fileEncoding = 4; lastKnownFileType = sourcecode.c.objc; path = "UINavigationItem+ColoredTitle.m"; sourceTree = "<group>"; };
		E21BBF36154516B900D934ED /* EGODefaultPhoto.h */ = {isa = PBXFileReference; fileEncoding = 4; lastKnownFileType = sourcecode.c.h; path = EGODefaultPhoto.h; sourceTree = "<group>"; };
		E21BBF37154516B900D934ED /* EGODefaultPhoto.m */ = {isa = PBXFileReference; fileEncoding = 4; lastKnownFileType = sourcecode.c.objc; path = EGODefaultPhoto.m; sourceTree = "<group>"; };
		E21BBF38154516B900D934ED /* EGODefaultPhotoSource.h */ = {isa = PBXFileReference; fileEncoding = 4; lastKnownFileType = sourcecode.c.h; path = EGODefaultPhotoSource.h; sourceTree = "<group>"; };
		E21BBF39154516B900D934ED /* EGODefaultPhotoSource.m */ = {isa = PBXFileReference; fileEncoding = 4; lastKnownFileType = sourcecode.c.objc; path = EGODefaultPhotoSource.m; sourceTree = "<group>"; };
		E21BBF3B154516B900D934ED /* EGOImageLoadConnection.h */ = {isa = PBXFileReference; fileEncoding = 4; lastKnownFileType = sourcecode.c.h; path = EGOImageLoadConnection.h; sourceTree = "<group>"; };
		E21BBF3C154516B900D934ED /* EGOImageLoadConnection.m */ = {isa = PBXFileReference; fileEncoding = 4; lastKnownFileType = sourcecode.c.objc; path = EGOImageLoadConnection.m; sourceTree = "<group>"; };
		E21BBF3D154516B900D934ED /* EGOImageLoader.h */ = {isa = PBXFileReference; fileEncoding = 4; lastKnownFileType = sourcecode.c.h; path = EGOImageLoader.h; sourceTree = "<group>"; };
		E21BBF3E154516B900D934ED /* EGOImageLoader.m */ = {isa = PBXFileReference; fileEncoding = 4; lastKnownFileType = sourcecode.c.objc; path = EGOImageLoader.m; sourceTree = "<group>"; };
		E21BBF42154516B900D934ED /* EGOPhotoSource.h */ = {isa = PBXFileReference; fileEncoding = 4; lastKnownFileType = sourcecode.c.h; path = EGOPhotoSource.h; sourceTree = "<group>"; };
		E21BBF45154516B900D934ED /* de */ = {isa = PBXFileReference; lastKnownFileType = text.plist.strings; name = de; path = de.lproj/Localizable.strings; sourceTree = "<group>"; };
		E21BBF46154516B900D934ED /* egopv_error_placeholder.png */ = {isa = PBXFileReference; lastKnownFileType = image.png; path = egopv_error_placeholder.png; sourceTree = "<group>"; };
		E21BBF47154516B900D934ED /* egopv_error_placeholder@2x.png */ = {isa = PBXFileReference; lastKnownFileType = image.png; path = "egopv_error_placeholder@2x.png"; sourceTree = "<group>"; };
		E21BBF48154516B900D934ED /* egopv_fullscreen_button.png */ = {isa = PBXFileReference; lastKnownFileType = image.png; path = egopv_fullscreen_button.png; sourceTree = "<group>"; };
		E21BBF49154516B900D934ED /* egopv_fullscreen_button@2x.png */ = {isa = PBXFileReference; lastKnownFileType = image.png; path = "egopv_fullscreen_button@2x.png"; sourceTree = "<group>"; };
		E21BBF4A154516B900D934ED /* egopv_left.png */ = {isa = PBXFileReference; lastKnownFileType = image.png; path = egopv_left.png; sourceTree = "<group>"; };
		E21BBF4B154516B900D934ED /* egopv_left@2x.png */ = {isa = PBXFileReference; lastKnownFileType = image.png; path = "egopv_left@2x.png"; sourceTree = "<group>"; };
		E21BBF4C154516B900D934ED /* egopv_minimize_fullscreen_button.png */ = {isa = PBXFileReference; lastKnownFileType = image.png; path = egopv_minimize_fullscreen_button.png; sourceTree = "<group>"; };
		E21BBF4D154516B900D934ED /* egopv_photo_placeholder.png */ = {isa = PBXFileReference; lastKnownFileType = image.png; path = egopv_photo_placeholder.png; sourceTree = "<group>"; };
		E21BBF4E154516B900D934ED /* egopv_photo_placeholder@2x.png */ = {isa = PBXFileReference; lastKnownFileType = image.png; path = "egopv_photo_placeholder@2x.png"; sourceTree = "<group>"; };
		E21BBF4F154516B900D934ED /* egopv_right.png */ = {isa = PBXFileReference; lastKnownFileType = image.png; path = egopv_right.png; sourceTree = "<group>"; };
		E21BBF50154516B900D934ED /* egopv_right@2x.png */ = {isa = PBXFileReference; lastKnownFileType = image.png; path = "egopv_right@2x.png"; sourceTree = "<group>"; };
		E21BBF51154516B900D934ED /* egopv_thumbnail.png */ = {isa = PBXFileReference; lastKnownFileType = image.png; path = egopv_thumbnail.png; sourceTree = "<group>"; };
		E21BBF52154516B900D934ED /* egopv_thumbnail@2x.png */ = {isa = PBXFileReference; lastKnownFileType = image.png; path = "egopv_thumbnail@2x.png"; sourceTree = "<group>"; };
		E21BBF53154516B900D934ED /* en */ = {isa = PBXFileReference; lastKnownFileType = text.plist.strings; name = en; path = en.lproj/Localizable.strings; sourceTree = "<group>"; };
		E21BBF56154516B900D934ED /* EGOCaptionView.h */ = {isa = PBXFileReference; fileEncoding = 4; lastKnownFileType = sourcecode.c.h; path = EGOCaptionView.h; sourceTree = "<group>"; };
		E21BBF57154516B900D934ED /* EGODetailedCaptionView.h */ = {isa = PBXFileReference; fileEncoding = 4; lastKnownFileType = sourcecode.c.h; path = EGODetailedCaptionView.h; sourceTree = "<group>"; };
		E21BBF58154516B900D934ED /* EGODetailedCaptionView.m */ = {isa = PBXFileReference; fileEncoding = 4; lastKnownFileType = sourcecode.c.objc; path = EGODetailedCaptionView.m; sourceTree = "<group>"; };
		E21BBF59154516B900D934ED /* EGOSimplePhotoCaptionView.h */ = {isa = PBXFileReference; fileEncoding = 4; lastKnownFileType = sourcecode.c.h; path = EGOSimplePhotoCaptionView.h; sourceTree = "<group>"; };
		E21BBF5A154516B900D934ED /* EGOSimplePhotoCaptionView.m */ = {isa = PBXFileReference; fileEncoding = 4; lastKnownFileType = sourcecode.c.objc; path = EGOSimplePhotoCaptionView.m; sourceTree = "<group>"; };
		E21BBF5C154516B900D934ED /* EGOPhotoImageView.h */ = {isa = PBXFileReference; fileEncoding = 4; lastKnownFileType = sourcecode.c.h; path = EGOPhotoImageView.h; sourceTree = "<group>"; };
		E21BBF5D154516B900D934ED /* EGOPhotoImageView.m */ = {isa = PBXFileReference; fileEncoding = 4; lastKnownFileType = sourcecode.c.objc; path = EGOPhotoImageView.m; sourceTree = "<group>"; };
		E21BBF5F154516B900D934ED /* EGOPhotoScrollView.h */ = {isa = PBXFileReference; fileEncoding = 4; lastKnownFileType = sourcecode.c.h; path = EGOPhotoScrollView.h; sourceTree = "<group>"; };
		E21BBF60154516B900D934ED /* EGOPhotoScrollView.m */ = {isa = PBXFileReference; fileEncoding = 4; lastKnownFileType = sourcecode.c.objc; path = EGOPhotoScrollView.m; sourceTree = "<group>"; };
		E2F3E6501545177F00410BE3 /* EGOPhotoViewer_DemoAppDelegate.h */ = {isa = PBXFileReference; fileEncoding = 4; lastKnownFileType = sourcecode.c.h; name = EGOPhotoViewer_DemoAppDelegate.h; path = Project/EGOPhotoViewer_DemoAppDelegate.h; sourceTree = SOURCE_ROOT; };
		E2F3E6511545177F00410BE3 /* EGOPhotoViewer_DemoAppDelegate.m */ = {isa = PBXFileReference; fileEncoding = 4; lastKnownFileType = sourcecode.c.objc; name = EGOPhotoViewer_DemoAppDelegate.m; path = Project/EGOPhotoViewer_DemoAppDelegate.m; sourceTree = SOURCE_ROOT; };
		E2F3E6551545179200410BE3 /* DetailViewController.h */ = {isa = PBXFileReference; fileEncoding = 4; lastKnownFileType = sourcecode.c.h; path = DetailViewController.h; sourceTree = "<group>"; };
		E2F3E6561545179200410BE3 /* DetailViewController.m */ = {isa = PBXFileReference; fileEncoding = 4; lastKnownFileType = sourcecode.c.objc; path = DetailViewController.m; sourceTree = "<group>"; };
		E2F3E6571545179200410BE3 /* RootViewController.h */ = {isa = PBXFileReference; fileEncoding = 4; lastKnownFileType = sourcecode.c.h; path = RootViewController.h; sourceTree = "<group>"; };
		E2F3E6581545179200410BE3 /* RootViewController.m */ = {isa = PBXFileReference; fileEncoding = 4; lastKnownFileType = sourcecode.c.objc; path = RootViewController.m; sourceTree = "<group>"; };
		E2F3E65A1545179200410BE3 /* RootViewController_iPhone.h */ = {isa = PBXFileReference; fileEncoding = 4; lastKnownFileType = sourcecode.c.h; path = RootViewController_iPhone.h; sourceTree = "<group>"; };
		E2F3E65B1545179200410BE3 /* RootViewController_iPhone.m */ = {isa = PBXFileReference; fileEncoding = 4; lastKnownFileType = sourcecode.c.objc; path = RootViewController_iPhone.m; sourceTree = "<group>"; };
		E2F3E65C1545179200410BE3 /* RootViewController_iPhone.xib */ = {isa = PBXFileReference; fileEncoding = 4; lastKnownFileType = file.xib; path = RootViewController_iPhone.xib; sourceTree = "<group>"; };
		E2F3E6611545179C00410BE3 /* EGOPhotoViewer_Demo_Prefix.pch */ = {isa = PBXFileReference; fileEncoding = 4; lastKnownFileType = sourcecode.c.h; path = EGOPhotoViewer_Demo_Prefix.pch; sourceTree = SOURCE_ROOT; };
		E2F3E6621545179C00410BE3 /* main.m */ = {isa = PBXFileReference; fileEncoding = 4; lastKnownFileType = sourcecode.c.objc; path = main.m; sourceTree = SOURCE_ROOT; };
/* End PBXFileReference section */

/* Begin PBXFrameworksBuildPhase section */
		1D60588F0D05DD3D006BFB54 /* Frameworks */ = {
			isa = PBXFrameworksBuildPhase;
			buildActionMask = 2147483647;
			files = (
				D0FC1D1A12761B16006C2A0F /* Foundation.framework in Frameworks */,
				D0FC1D1E12761B1C006C2A0F /* UIKit.framework in Frameworks */,
				D0FC1D2012761B22006C2A0F /* CoreGraphics.framework in Frameworks */,
				D0FC1D2212761B27006C2A0F /* QuartzCore.framework in Frameworks */,
				D0FC1D2412761B2D006C2A0F /* MessageUI.framework in Frameworks */,
			);
			runOnlyForDeploymentPostprocessing = 0;
		};
/* End PBXFrameworksBuildPhase section */

/* Begin PBXGroup section */
		080E96DDFE201D6D7F000001 /* Demo */ = {
			isa = PBXGroup;
			children = (
				E2F3E6541545179200410BE3 /* iPad */,
				E2F3E6591545179200410BE3 /* iPhone */,
				E2F3E6501545177F00410BE3 /* EGOPhotoViewer_DemoAppDelegate.h */,
				E2F3E6511545177F00410BE3 /* EGOPhotoViewer_DemoAppDelegate.m */,
				E2F3E6611545179C00410BE3 /* EGOPhotoViewer_Demo_Prefix.pch */,
				E2F3E6621545179C00410BE3 /* main.m */,
			);
			name = Demo;
			sourceTree = "<group>";
		};
		19C28FACFE9D520D11CA2CBB /* Products */ = {
			isa = PBXGroup;
			children = (
				1D6058910D05DD3D006BFB54 /* EGOPhotoViewer_Demo.app */,
			);
			name = Products;
			sourceTree = "<group>";
		};
		29B97314FDCFA39411CA2CEA /* CustomTemplate */ = {
			isa = PBXGroup;
			children = (
				E21BBF1E154516B900D934ED /* Classes */,
				080E96DDFE201D6D7F000001 /* Demo */,
				29B97317FDCFA39411CA2CEA /* Resources */,
				29B97323FDCFA39411CA2CEA /* Frameworks */,
				19C28FACFE9D520D11CA2CBB /* Products */,
			);
			name = CustomTemplate;
			sourceTree = "<group>";
		};
		29B97317FDCFA39411CA2CEA /* Resources */ = {
			isa = PBXGroup;
			children = (
				D0B84EE711DFFF6700F4CEF6 /* local_image_1.jpg */,
				03E472B8127E0D610093B3A0 /* local_image_2.jpg */,
				D0B84EE511DFFF6200F4CEF6 /* photosButton.png */,
				28AD735F0D9D9599002E5188 /* MainWindow.xib */,
				2804203B108E9BAB000629CD /* DetailView.xib */,
				8D1107310486CEB800E47090 /* EGOPhotoViewer_Demo-Info.plist */,
				D0B84F0C11E0004800F4CEF6 /* MainWindowiPhone.xib */,
			);
			name = Resources;
			sourceTree = "<group>";
		};
		29B97323FDCFA39411CA2CEA /* Frameworks */ = {
			isa = PBXGroup;
			children = (
				D0FC1D1912761B16006C2A0F /* Foundation.framework */,
				D0FC1D1D12761B1C006C2A0F /* UIKit.framework */,
				D0FC1D1F12761B22006C2A0F /* CoreGraphics.framework */,
				D0FC1D2112761B27006C2A0F /* QuartzCore.framework */,
				D0FC1D2312761B2D006C2A0F /* MessageUI.framework */,
			);
			name = Frameworks;
			sourceTree = "<group>";
		};
		E21BBF1E154516B900D934ED /* Classes */ = {
			isa = PBXGroup;
			children = (
				E21BBF1F154516B900D934ED /* Controller */,
				E21BBF30154516B900D934ED /* EGOPhotoGlobal.h */,
				E21BBF31154516B900D934ED /* Extensions */,
				E21BBF34154516B900D934ED /* Model */,
				E21BBF43154516B900D934ED /* Resources */,
				E21BBF54154516B900D934ED /* Views */,
			);
			name = Classes;
			path = ../Classes;
			sourceTree = "<group>";
		};
		E21BBF1F154516B900D934ED /* Controller */ = {
			isa = PBXGroup;
			children = (
				E21BBF20154516B900D934ED /* EGOActionViewController */,
				E21BBF24154516B900D934ED /* EGOPhotoThumbnailViewController */,
				E21BBF29154516B900D934ED /* EGOPhotoViewController */,
			);
			path = Controller;
			sourceTree = "<group>";
		};
		E21BBF20154516B900D934ED /* EGOActionViewController */ = {
			isa = PBXGroup;
			children = (
				E21BBF21154516B900D934ED /* EGOActionViewController.h */,
				E21BBF22154516B900D934ED /* EGODefaultActionViewController.h */,
				E21BBF23154516B900D934ED /* EGODefaultActionViewController.m */,
			);
			path = EGOActionViewController;
			sourceTree = "<group>";
		};
		E21BBF24154516B900D934ED /* EGOPhotoThumbnailViewController */ = {
			isa = PBXGroup;
			children = (
				E21BBF27154516B900D934ED /* EGOPhotoThumbnailSelectedDelegate.h */,
				E21BBF28154516B900D934ED /* EGOPhotoThumbnailViewController.h */,
				E21BBF25154516B900D934ED /* EGOGridPhotoThumbnailViewController.h */,
				E21BBF26154516B900D934ED /* EGOGridPhotoThumbnailViewController.m */,
			);
			path = EGOPhotoThumbnailViewController;
			sourceTree = "<group>";
		};
		E21BBF29154516B900D934ED /* EGOPhotoViewController */ = {
			isa = PBXGroup;
			children = (
				E21BBF2E154516B900D934ED /* EGOPhotoViewController.h */,
				E21BBF2F154516B900D934ED /* EGOPhotoViewController.m */,
			);
			path = EGOPhotoViewController;
			sourceTree = "<group>";
		};
		E21BBF31154516B900D934ED /* Extensions */ = {
			isa = PBXGroup;
			children = (
				E21BBF32154516B900D934ED /* UINavigationItem+ColoredTitle.h */,
				E21BBF33154516B900D934ED /* UINavigationItem+ColoredTitle.m */,
			);
			path = Extensions;
			sourceTree = "<group>";
		};
		E21BBF34154516B900D934ED /* Model */ = {
			isa = PBXGroup;
			children = (
				E21BBF35154516B900D934ED /* EGODefaultPhotoSource */,
				E21BBF3A154516B900D934ED /* EGOImageLoader */,
				E21BBF41154516B900D934ED /* EGOPhotoSource */,
			);
			path = Model;
			sourceTree = "<group>";
		};
		E21BBF35154516B900D934ED /* EGODefaultPhotoSource */ = {
			isa = PBXGroup;
			children = (
				E21BBF36154516B900D934ED /* EGODefaultPhoto.h */,
				E21BBF37154516B900D934ED /* EGODefaultPhoto.m */,
				E21BBF38154516B900D934ED /* EGODefaultPhotoSource.h */,
				E21BBF39154516B900D934ED /* EGODefaultPhotoSource.m */,
			);
			path = EGODefaultPhotoSource;
			sourceTree = "<group>";
		};
		E21BBF3A154516B900D934ED /* EGOImageLoader */ = {
			isa = PBXGroup;
			children = (
				E21BBF3B154516B900D934ED /* EGOImageLoadConnection.h */,
				E21BBF3C154516B900D934ED /* EGOImageLoadConnection.m */,
				E21BBF3D154516B900D934ED /* EGOImageLoader.h */,
				E21BBF3E154516B900D934ED /* EGOImageLoader.m */,
			);
			path = EGOImageLoader;
			sourceTree = "<group>";
		};
		E21BBF41154516B900D934ED /* EGOPhotoSource */ = {
			isa = PBXGroup;
			children = (
				E21BBF42154516B900D934ED /* EGOPhotoSource.h */,
			);
			path = EGOPhotoSource;
			sourceTree = "<group>";
		};
		E21BBF43154516B900D934ED /* Resources */ = {
			isa = PBXGroup;
			children = (
				E21BBF44154516B900D934ED /* Localizable.strings */,
				E21BBF46154516B900D934ED /* egopv_error_placeholder.png */,
				E21BBF47154516B900D934ED /* egopv_error_placeholder@2x.png */,
				E21BBF48154516B900D934ED /* egopv_fullscreen_button.png */,
				E21BBF49154516B900D934ED /* egopv_fullscreen_button@2x.png */,
				E21BBF4A154516B900D934ED /* egopv_left.png */,
				E21BBF4B154516B900D934ED /* egopv_left@2x.png */,
				E21BBF4C154516B900D934ED /* egopv_minimize_fullscreen_button.png */,
				E21BBF4D154516B900D934ED /* egopv_photo_placeholder.png */,
				E21BBF4E154516B900D934ED /* egopv_photo_placeholder@2x.png */,
				E21BBF4F154516B900D934ED /* egopv_right.png */,
				E21BBF50154516B900D934ED /* egopv_right@2x.png */,
				E21BBF51154516B900D934ED /* egopv_thumbnail.png */,
				E21BBF52154516B900D934ED /* egopv_thumbnail@2x.png */,
			);
			path = Resources;
			sourceTree = "<group>";
		};
		E21BBF54154516B900D934ED /* Views */ = {
			isa = PBXGroup;
			children = (
				E21BBF55154516B900D934ED /* EGOPhotoCaptionView */,
				E21BBF5B154516B900D934ED /* EGOPhotoImageView */,
				E21BBF5E154516B900D934ED /* EGOPhotoScrollView */,
			);
			path = Views;
			sourceTree = "<group>";
		};
		E21BBF55154516B900D934ED /* EGOPhotoCaptionView */ = {
			isa = PBXGroup;
			children = (
				E21BBF56154516B900D934ED /* EGOCaptionView.h */,
				E21BBF57154516B900D934ED /* EGODetailedCaptionView.h */,
				E21BBF58154516B900D934ED /* EGODetailedCaptionView.m */,
				E21BBF59154516B900D934ED /* EGOSimplePhotoCaptionView.h */,
				E21BBF5A154516B900D934ED /* EGOSimplePhotoCaptionView.m */,
			);
			path = EGOPhotoCaptionView;
			sourceTree = "<group>";
		};
		E21BBF5B154516B900D934ED /* EGOPhotoImageView */ = {
			isa = PBXGroup;
			children = (
				E21BBF5C154516B900D934ED /* EGOPhotoImageView.h */,
				E21BBF5D154516B900D934ED /* EGOPhotoImageView.m */,
			);
			path = EGOPhotoImageView;
			sourceTree = "<group>";
		};
		E21BBF5E154516B900D934ED /* EGOPhotoScrollView */ = {
			isa = PBXGroup;
			children = (
				E21BBF5F154516B900D934ED /* EGOPhotoScrollView.h */,
				E21BBF60154516B900D934ED /* EGOPhotoScrollView.m */,
			);
			path = EGOPhotoScrollView;
			sourceTree = "<group>";
		};
		E2F3E6541545179200410BE3 /* iPad */ = {
			isa = PBXGroup;
			children = (
				E2F3E6551545179200410BE3 /* DetailViewController.h */,
				E2F3E6561545179200410BE3 /* DetailViewController.m */,
				E2F3E6571545179200410BE3 /* RootViewController.h */,
				E2F3E6581545179200410BE3 /* RootViewController.m */,
			);
			name = iPad;
			path = Project/iPad;
			sourceTree = SOURCE_ROOT;
		};
		E2F3E6591545179200410BE3 /* iPhone */ = {
			isa = PBXGroup;
			children = (
				E2F3E65A1545179200410BE3 /* RootViewController_iPhone.h */,
				E2F3E65B1545179200410BE3 /* RootViewController_iPhone.m */,
				E2F3E65C1545179200410BE3 /* RootViewController_iPhone.xib */,
			);
			name = iPhone;
			path = Project/iPhone;
			sourceTree = SOURCE_ROOT;
		};
/* End PBXGroup section */

/* Begin PBXNativeTarget section */
		1D6058900D05DD3D006BFB54 /* EGOPhotoViewer_Demo */ = {
			isa = PBXNativeTarget;
			buildConfigurationList = 1D6058960D05DD3E006BFB54 /* Build configuration list for PBXNativeTarget "EGOPhotoViewer_Demo" */;
			buildPhases = (
				1D60588D0D05DD3D006BFB54 /* Resources */,
				1D60588E0D05DD3D006BFB54 /* Sources */,
				1D60588F0D05DD3D006BFB54 /* Frameworks */,
			);
			buildRules = (
			);
			dependencies = (
			);
			name = EGOPhotoViewer_Demo;
			productName = EGOPhotoViewer_Demo;
			productReference = 1D6058910D05DD3D006BFB54 /* EGOPhotoViewer_Demo.app */;
			productType = "com.apple.product-type.application";
		};
/* End PBXNativeTarget section */

/* Begin PBXProject section */
		29B97313FDCFA39411CA2CEA /* Project object */ = {
			isa = PBXProject;
			attributes = {
				LastUpgradeCheck = 0430;
			};
			buildConfigurationList = C01FCF4E08A954540054247B /* Build configuration list for PBXProject "EGOPhotoViewer_Demo" */;
			compatibilityVersion = "Xcode 3.2";
			developmentRegion = English;
			hasScannedForEncodings = 1;
			knownRegions = (
				English,
				Japanese,
				French,
				German,
				en,
				de,
			);
			mainGroup = 29B97314FDCFA39411CA2CEA /* CustomTemplate */;
			projectDirPath = "";
			projectRoot = "";
			targets = (
				1D6058900D05DD3D006BFB54 /* EGOPhotoViewer_Demo */,
			);
		};
/* End PBXProject section */

/* Begin PBXResourcesBuildPhase section */
		1D60588D0D05DD3D006BFB54 /* Resources */ = {
			isa = PBXResourcesBuildPhase;
			buildActionMask = 2147483647;
			files = (
				28AD73600D9D9599002E5188 /* MainWindow.xib in Resources */,
				2804203C108E9BAB000629CD /* DetailView.xib in Resources */,
				D0B84EE611DFFF6200F4CEF6 /* photosButton.png in Resources */,
				D0B84EE911DFFF6700F4CEF6 /* local_image_1.jpg in Resources */,
				D0B84F0D11E0004800F4CEF6 /* MainWindowiPhone.xib in Resources */,
				03E472B9127E0D610093B3A0 /* local_image_2.jpg in Resources */,
				E21BBF6B154516B900D934ED /* Localizable.strings in Resources */,
				E21BBF6C154516B900D934ED /* egopv_error_placeholder.png in Resources */,
				E21BBF6D154516B900D934ED /* egopv_error_placeholder@2x.png in Resources */,
				E21BBF6E154516B900D934ED /* egopv_fullscreen_button.png in Resources */,
				E21BBF6F154516B900D934ED /* egopv_fullscreen_button@2x.png in Resources */,
				E21BBF70154516B900D934ED /* egopv_left.png in Resources */,
				E21BBF71154516B900D934ED /* egopv_left@2x.png in Resources */,
				E21BBF72154516B900D934ED /* egopv_minimize_fullscreen_button.png in Resources */,
				E21BBF73154516B900D934ED /* egopv_photo_placeholder.png in Resources */,
				E21BBF74154516B900D934ED /* egopv_photo_placeholder@2x.png in Resources */,
				E21BBF75154516B900D934ED /* egopv_right.png in Resources */,
				E21BBF76154516B900D934ED /* egopv_right@2x.png in Resources */,
				E21BBF77154516B900D934ED /* egopv_thumbnail.png in Resources */,
				E21BBF78154516B900D934ED /* egopv_thumbnail@2x.png in Resources */,
				E2F3E6601545179200410BE3 /* RootViewController_iPhone.xib in Resources */,
			);
			runOnlyForDeploymentPostprocessing = 0;
		};
/* End PBXResourcesBuildPhase section */

/* Begin PBXSourcesBuildPhase section */
		1D60588E0D05DD3D006BFB54 /* Sources */ = {
			isa = PBXSourcesBuildPhase;
			buildActionMask = 2147483647;
			files = (
				E21BBF61154516B900D934ED /* EGODefaultActionViewController.m in Sources */,
				E21BBF62154516B900D934ED /* EGOGridPhotoThumbnailViewController.m in Sources */,
				E21BBF64154516B900D934ED /* EGOPhotoViewController.m in Sources */,
				E21BBF65154516B900D934ED /* UINavigationItem+ColoredTitle.m in Sources */,
				E21BBF66154516B900D934ED /* EGODefaultPhoto.m in Sources */,
				E21BBF67154516B900D934ED /* EGODefaultPhotoSource.m in Sources */,
				E21BBF68154516B900D934ED /* EGOImageLoadConnection.m in Sources */,
				E21BBF69154516B900D934ED /* EGOImageLoader.m in Sources */,
				E21BBF79154516B900D934ED /* EGODetailedCaptionView.m in Sources */,
				E21BBF7A154516B900D934ED /* EGOSimplePhotoCaptionView.m in Sources */,
				E21BBF7B154516B900D934ED /* EGOPhotoImageView.m in Sources */,
				E21BBF7C154516B900D934ED /* EGOPhotoScrollView.m in Sources */,
				E2F3E6521545177F00410BE3 /* EGOPhotoViewer_DemoAppDelegate.m in Sources */,
				E2F3E65D1545179200410BE3 /* DetailViewController.m in Sources */,
				E2F3E65E1545179200410BE3 /* RootViewController.m in Sources */,
				E2F3E65F1545179200410BE3 /* RootViewController_iPhone.m in Sources */,
				E2F3E6631545179C00410BE3 /* main.m in Sources */,
			);
			runOnlyForDeploymentPostprocessing = 0;
		};
/* End PBXSourcesBuildPhase section */

/* Begin PBXVariantGroup section */
		E21BBF44154516B900D934ED /* Localizable.strings */ = {
			isa = PBXVariantGroup;
			children = (
				E21BBF45154516B900D934ED /* de */,
				E21BBF53154516B900D934ED /* en */,
			);
			name = Localizable.strings;
			sourceTree = "<group>";
		};
/* End PBXVariantGroup section */

/* Begin XCBuildConfiguration section */
		1D6058940D05DD3E006BFB54 /* Debug */ = {
			isa = XCBuildConfiguration;
			buildSettings = {
				ALWAYS_SEARCH_USER_PATHS = NO;
				CLANG_ENABLE_OBJC_ARC = YES;
				"CODE_SIGN_IDENTITY[sdk=iphoneos*]" = "iPhone Developer: Devin Doty (294DDWXTAY)";
				COPY_PHASE_STRIP = NO;
				GCC_DYNAMIC_NO_PIC = NO;
				GCC_OPTIMIZATION_LEVEL = 0;
				GCC_PRECOMPILE_PREFIX_HEADER = YES;
				GCC_PREFIX_HEADER = EGOPhotoViewer_Demo_Prefix.pch;
				GCC_VERSION = com.apple.compilers.llvm.clang.1_0;
				INFOPLIST_FILE = "EGOPhotoViewer_Demo-Info.plist";
				PRODUCT_NAME = EGOPhotoViewer_Demo;
				"PROVISIONING_PROFILE[sdk=iphoneos*]" = "C1BF0C20-972E-4EB9-A0A7-E37FC9DCADAF";
				SDKROOT = iphoneos;
			};
			name = Debug;
		};
		1D6058950D05DD3E006BFB54 /* Release */ = {
			isa = XCBuildConfiguration;
			buildSettings = {
				ALWAYS_SEARCH_USER_PATHS = NO;
				CLANG_ENABLE_OBJC_ARC = YES;
				COPY_PHASE_STRIP = YES;
				GCC_PRECOMPILE_PREFIX_HEADER = YES;
				GCC_PREFIX_HEADER = EGOPhotoViewer_Demo_Prefix.pch;
				GCC_VERSION = com.apple.compilers.llvm.clang.1_0;
				INFOPLIST_FILE = "EGOPhotoViewer_Demo-Info.plist";
				PRODUCT_NAME = EGOPhotoViewer_Demo;
				VALIDATE_PRODUCT = YES;
			};
			name = Release;
		};
		C01FCF4F08A954540054247B /* Debug */ = {
			isa = XCBuildConfiguration;
			buildSettings = {
				ARCHS = "$(ARCHS_STANDARD_32_BIT)";
				"CODE_SIGN_IDENTITY[sdk=iphoneos*]" = "iPhone Developer";
				GCC_C_LANGUAGE_STANDARD = c99;
				GCC_WARN_ABOUT_RETURN_TYPE = YES;
				GCC_WARN_UNUSED_VARIABLE = YES;
				IPHONEOS_DEPLOYMENT_TARGET = 3.2;
				SDKROOT = iphoneos;
				TARGETED_DEVICE_FAMILY = "1,2";
			};
			name = Debug;
		};
		C01FCF5008A954540054247B /* Release */ = {
			isa = XCBuildConfiguration;
			buildSettings = {
				ARCHS = "$(ARCHS_STANDARD_32_BIT)";
				"CODE_SIGN_IDENTITY[sdk=iphoneos*]" = "iPhone Developer";
				GCC_C_LANGUAGE_STANDARD = c99;
				GCC_WARN_ABOUT_RETURN_TYPE = YES;
				GCC_WARN_UNUSED_VARIABLE = YES;
				IPHONEOS_DEPLOYMENT_TARGET = 3.2;
				OTHER_CFLAGS = "-DNS_BLOCK_ASSERTIONS=1";
				SDKROOT = iphoneos;
				TARGETED_DEVICE_FAMILY = "1,2";
			};
			name = Release;
		};
/* End XCBuildConfiguration section */

/* Begin XCConfigurationList section */
		1D6058960D05DD3E006BFB54 /* Build configuration list for PBXNativeTarget "EGOPhotoViewer_Demo" */ = {
			isa = XCConfigurationList;
			buildConfigurations = (
				1D6058940D05DD3E006BFB54 /* Debug */,
				1D6058950D05DD3E006BFB54 /* Release */,
			);
			defaultConfigurationIsVisible = 0;
			defaultConfigurationName = Release;
		};
		C01FCF4E08A954540054247B /* Build configuration list for PBXProject "EGOPhotoViewer_Demo" */ = {
			isa = XCConfigurationList;
			buildConfigurations = (
				C01FCF4F08A954540054247B /* Debug */,
				C01FCF5008A954540054247B /* Release */,
			);
			defaultConfigurationIsVisible = 0;
			defaultConfigurationName = Release;
		};
/* End XCConfigurationList section */
	};
	rootObject = 29B97313FDCFA39411CA2CEA /* Project object */;
}
